
Microsoft Visual Studio Solution File, Format Version 12.00
# Visual Studio Version 16
VisualStudioVersion = 16.0.28803.352
MinimumVisualStudioVersion = 10.0.40219.1
Project("{888888A0-9F3D-457C-B088-3A5042F75D52}") = "Practice_Python", "Practice_Python\Practice_Python.pyproj", "{1DB64A64-420B-4800-99E2-AE91B2366E44}"
EndProject
Global
	GlobalSection(SolutionConfigurationPlatforms) = preSolution
		Debug|Any CPU = Debug|Any CPU
		Release|Any CPU = Release|Any CPU
	EndGlobalSection
	GlobalSection(ProjectConfigurationPlatforms) = postSolution
		{1DB64A64-420B-4800-99E2-AE91B2366E44}.Debug|Any CPU.ActiveCfg = Debug|Any CPU
		{1DB64A64-420B-4800-99E2-AE91B2366E44}.Release|Any CPU.ActiveCfg = Release|Any CPU
	EndGlobalSection
	GlobalSection(SolutionProperties) = preSolution
		HideSolutionNode = FALSE
	EndGlobalSection
	GlobalSection(ExtensibilityGlobals) = postSolution
		SolutionGuid = {10AB8486-54CA-4057-8AD4-40856E620FBC}
	EndGlobalSection
EndGlobal
